
Microsoft Visual Studio Solution File, Format Version 12.00
# Visual Studio Version 17
VisualStudioVersion = 17.3.32901.215
MinimumVisualStudioVersion = 10.0.40219.1
Project("{FAE04EC0-301F-11D3-BF4B-00C04F79EFBC}") = "Exer8", "Exer8\Exer8.csproj", "{8DF35127-3DA0-4736-A769-A6267A935C94}"
EndProject
Global
	GlobalSection(SolutionConfigurationPlatforms) = preSolution
		Debug|Any CPU = Debug|Any CPU
		Release|Any CPU = Release|Any CPU
	EndGlobalSection
	GlobalSection(ProjectConfigurationPlatforms) = postSolution
		{8DF35127-3DA0-4736-A769-A6267A935C94}.Debug|Any CPU.ActiveCfg = Debug|Any CPU
		{8DF35127-3DA0-4736-A769-A6267A935C94}.Debug|Any CPU.Build.0 = Debug|Any CPU
		{8DF35127-3DA0-4736-A769-A6267A935C94}.Release|Any CPU.ActiveCfg = Release|Any CPU
		{8DF35127-3DA0-4736-A769-A6267A935C94}.Release|Any CPU.Build.0 = Release|Any CPU
	EndGlobalSection
	GlobalSection(SolutionProperties) = preSolution
		HideSolutionNode = FALSE
	EndGlobalSection
	GlobalSection(ExtensibilityGlobals) = postSolution
		SolutionGuid = {20305CCD-7796-4082-BEF3-A82A88816BFB}
	EndGlobalSection
EndGlobal
