
Microsoft Visual Studio Solution File, Format Version 12.00
# Visual Studio Version 17
VisualStudioVersion = 17.3.32901.215
MinimumVisualStudioVersion = 10.0.40219.1
Project("{FAE04EC0-301F-11D3-BF4B-00C04F79EFBC}") = "Exercicio1_4", "Exercicio1_4\Exercicio1_4.csproj", "{F40C39F7-291D-4B75-BCD7-6D64E1DCA1A6}"
EndProject
Global
	GlobalSection(SolutionConfigurationPlatforms) = preSolution
		Debug|Any CPU = Debug|Any CPU
		Release|Any CPU = Release|Any CPU
	EndGlobalSection
	GlobalSection(ProjectConfigurationPlatforms) = postSolution
		{F40C39F7-291D-4B75-BCD7-6D64E1DCA1A6}.Debug|Any CPU.ActiveCfg = Debug|Any CPU
		{F40C39F7-291D-4B75-BCD7-6D64E1DCA1A6}.Debug|Any CPU.Build.0 = Debug|Any CPU
		{F40C39F7-291D-4B75-BCD7-6D64E1DCA1A6}.Release|Any CPU.ActiveCfg = Release|Any CPU
		{F40C39F7-291D-4B75-BCD7-6D64E1DCA1A6}.Release|Any CPU.Build.0 = Release|Any CPU
	EndGlobalSection
	GlobalSection(SolutionProperties) = preSolution
		HideSolutionNode = FALSE
	EndGlobalSection
	GlobalSection(ExtensibilityGlobals) = postSolution
		SolutionGuid = {8BB9F0A2-FC88-467E-B26B-2671DF99960D}
	EndGlobalSection
EndGlobal
