
Microsoft Visual Studio Solution File, Format Version 12.00
# Visual Studio Version 17
VisualStudioVersion = 17.3.32901.215
MinimumVisualStudioVersion = 10.0.40219.1
Project("{FAE04EC0-301F-11D3-BF4B-00C04F79EFBC}") = "Exercicio1_2", "Exercicio1_2\Exercicio1_2.csproj", "{6CEE6274-E3B8-4FF0-B9A4-F96783D2926E}"
EndProject
Global
	GlobalSection(SolutionConfigurationPlatforms) = preSolution
		Debug|Any CPU = Debug|Any CPU
		Release|Any CPU = Release|Any CPU
	EndGlobalSection
	GlobalSection(ProjectConfigurationPlatforms) = postSolution
		{6CEE6274-E3B8-4FF0-B9A4-F96783D2926E}.Debug|Any CPU.ActiveCfg = Debug|Any CPU
		{6CEE6274-E3B8-4FF0-B9A4-F96783D2926E}.Debug|Any CPU.Build.0 = Debug|Any CPU
		{6CEE6274-E3B8-4FF0-B9A4-F96783D2926E}.Release|Any CPU.ActiveCfg = Release|Any CPU
		{6CEE6274-E3B8-4FF0-B9A4-F96783D2926E}.Release|Any CPU.Build.0 = Release|Any CPU
	EndGlobalSection
	GlobalSection(SolutionProperties) = preSolution
		HideSolutionNode = FALSE
	EndGlobalSection
	GlobalSection(ExtensibilityGlobals) = postSolution
		SolutionGuid = {6AD49307-F614-4493-9D22-EC6131309F59}
	EndGlobalSection
EndGlobal
