
Microsoft Visual Studio Solution File, Format Version 12.00
# Visual Studio Version 17
VisualStudioVersion = 17.3.32901.215
MinimumVisualStudioVersion = 10.0.40219.1
Project("{FAE04EC0-301F-11D3-BF4B-00C04F79EFBC}") = "Exer5", "Exer5\Exer5.csproj", "{8C446033-95E8-43D3-BB8C-247E8C6AF3AF}"
EndProject
Global
	GlobalSection(SolutionConfigurationPlatforms) = preSolution
		Debug|Any CPU = Debug|Any CPU
		Release|Any CPU = Release|Any CPU
	EndGlobalSection
	GlobalSection(ProjectConfigurationPlatforms) = postSolution
		{8C446033-95E8-43D3-BB8C-247E8C6AF3AF}.Debug|Any CPU.ActiveCfg = Debug|Any CPU
		{8C446033-95E8-43D3-BB8C-247E8C6AF3AF}.Debug|Any CPU.Build.0 = Debug|Any CPU
		{8C446033-95E8-43D3-BB8C-247E8C6AF3AF}.Release|Any CPU.ActiveCfg = Release|Any CPU
		{8C446033-95E8-43D3-BB8C-247E8C6AF3AF}.Release|Any CPU.Build.0 = Release|Any CPU
	EndGlobalSection
	GlobalSection(SolutionProperties) = preSolution
		HideSolutionNode = FALSE
	EndGlobalSection
	GlobalSection(ExtensibilityGlobals) = postSolution
		SolutionGuid = {B28709A5-53EC-4C2F-80AE-760FBB3AAD41}
	EndGlobalSection
EndGlobal
