
Microsoft Visual Studio Solution File, Format Version 12.00
# Visual Studio Version 17
VisualStudioVersion = 17.3.32901.215
MinimumVisualStudioVersion = 10.0.40219.1
Project("{FAE04EC0-301F-11D3-BF4B-00C04F79EFBC}") = "Exer3", "Exer3\Exer3.csproj", "{DB87CF35-C10E-4109-9612-DA5198ECF142}"
EndProject
Global
	GlobalSection(SolutionConfigurationPlatforms) = preSolution
		Debug|Any CPU = Debug|Any CPU
		Release|Any CPU = Release|Any CPU
	EndGlobalSection
	GlobalSection(ProjectConfigurationPlatforms) = postSolution
		{DB87CF35-C10E-4109-9612-DA5198ECF142}.Debug|Any CPU.ActiveCfg = Debug|Any CPU
		{DB87CF35-C10E-4109-9612-DA5198ECF142}.Debug|Any CPU.Build.0 = Debug|Any CPU
		{DB87CF35-C10E-4109-9612-DA5198ECF142}.Release|Any CPU.ActiveCfg = Release|Any CPU
		{DB87CF35-C10E-4109-9612-DA5198ECF142}.Release|Any CPU.Build.0 = Release|Any CPU
	EndGlobalSection
	GlobalSection(SolutionProperties) = preSolution
		HideSolutionNode = FALSE
	EndGlobalSection
	GlobalSection(ExtensibilityGlobals) = postSolution
		SolutionGuid = {061C0448-2653-4AE3-B5EA-78B9DD6A0113}
	EndGlobalSection
EndGlobal
