
Microsoft Visual Studio Solution File, Format Version 12.00
# Visual Studio Version 17
VisualStudioVersion = 17.3.32901.215
MinimumVisualStudioVersion = 10.0.40219.1
Project("{FAE04EC0-301F-11D3-BF4B-00C04F79EFBC}") = "Exer4_4", "Exer4_4\Exer4_4.csproj", "{4475D94A-FCBF-46E1-BD0E-B7EB3364A930}"
EndProject
Global
	GlobalSection(SolutionConfigurationPlatforms) = preSolution
		Debug|Any CPU = Debug|Any CPU
		Release|Any CPU = Release|Any CPU
	EndGlobalSection
	GlobalSection(ProjectConfigurationPlatforms) = postSolution
		{4475D94A-FCBF-46E1-BD0E-B7EB3364A930}.Debug|Any CPU.ActiveCfg = Debug|Any CPU
		{4475D94A-FCBF-46E1-BD0E-B7EB3364A930}.Debug|Any CPU.Build.0 = Debug|Any CPU
		{4475D94A-FCBF-46E1-BD0E-B7EB3364A930}.Release|Any CPU.ActiveCfg = Release|Any CPU
		{4475D94A-FCBF-46E1-BD0E-B7EB3364A930}.Release|Any CPU.Build.0 = Release|Any CPU
	EndGlobalSection
	GlobalSection(SolutionProperties) = preSolution
		HideSolutionNode = FALSE
	EndGlobalSection
	GlobalSection(ExtensibilityGlobals) = postSolution
		SolutionGuid = {88157CB6-072B-495F-B390-CF29D7DF6414}
	EndGlobalSection
EndGlobal
