
Microsoft Visual Studio Solution File, Format Version 12.00
# Visual Studio Version 17
VisualStudioVersion = 17.3.32901.215
MinimumVisualStudioVersion = 10.0.40219.1
Project("{FAE04EC0-301F-11D3-BF4B-00C04F79EFBC}") = "Exer4_7", "Exer4_7\Exer4_7.csproj", "{6367460C-4711-49F6-995C-50715BC1A2BC}"
EndProject
Global
	GlobalSection(SolutionConfigurationPlatforms) = preSolution
		Debug|Any CPU = Debug|Any CPU
		Release|Any CPU = Release|Any CPU
	EndGlobalSection
	GlobalSection(ProjectConfigurationPlatforms) = postSolution
		{6367460C-4711-49F6-995C-50715BC1A2BC}.Debug|Any CPU.ActiveCfg = Debug|Any CPU
		{6367460C-4711-49F6-995C-50715BC1A2BC}.Debug|Any CPU.Build.0 = Debug|Any CPU
		{6367460C-4711-49F6-995C-50715BC1A2BC}.Release|Any CPU.ActiveCfg = Release|Any CPU
		{6367460C-4711-49F6-995C-50715BC1A2BC}.Release|Any CPU.Build.0 = Release|Any CPU
	EndGlobalSection
	GlobalSection(SolutionProperties) = preSolution
		HideSolutionNode = FALSE
	EndGlobalSection
	GlobalSection(ExtensibilityGlobals) = postSolution
		SolutionGuid = {F2040960-AA17-4E95-9AEA-242A24245948}
	EndGlobalSection
EndGlobal
