
Microsoft Visual Studio Solution File, Format Version 12.00
# Visual Studio Version 17
VisualStudioVersion = 17.3.32901.215
MinimumVisualStudioVersion = 10.0.40219.1
Project("{FAE04EC0-301F-11D3-BF4B-00C04F79EFBC}") = "Exer4_1", "Exer4_1\Exer4_1.csproj", "{923EF5F2-A110-47A3-B9EF-50BB963A06A2}"
EndProject
Global
	GlobalSection(SolutionConfigurationPlatforms) = preSolution
		Debug|Any CPU = Debug|Any CPU
		Release|Any CPU = Release|Any CPU
	EndGlobalSection
	GlobalSection(ProjectConfigurationPlatforms) = postSolution
		{923EF5F2-A110-47A3-B9EF-50BB963A06A2}.Debug|Any CPU.ActiveCfg = Debug|Any CPU
		{923EF5F2-A110-47A3-B9EF-50BB963A06A2}.Debug|Any CPU.Build.0 = Debug|Any CPU
		{923EF5F2-A110-47A3-B9EF-50BB963A06A2}.Release|Any CPU.ActiveCfg = Release|Any CPU
		{923EF5F2-A110-47A3-B9EF-50BB963A06A2}.Release|Any CPU.Build.0 = Release|Any CPU
	EndGlobalSection
	GlobalSection(SolutionProperties) = preSolution
		HideSolutionNode = FALSE
	EndGlobalSection
	GlobalSection(ExtensibilityGlobals) = postSolution
		SolutionGuid = {F7CBCA46-4167-45AE-A99B-68E1C6797364}
	EndGlobalSection
EndGlobal
