
Microsoft Visual Studio Solution File, Format Version 12.00
# Visual Studio Version 17
VisualStudioVersion = 17.3.32901.215
MinimumVisualStudioVersion = 10.0.40219.1
Project("{FAE04EC0-301F-11D3-BF4B-00C04F79EFBC}") = "Exercicio1_3", "Exercicio1_3\Exercicio1_3.csproj", "{02D05961-ACA0-4989-A573-A9250FB192CE}"
EndProject
Global
	GlobalSection(SolutionConfigurationPlatforms) = preSolution
		Debug|Any CPU = Debug|Any CPU
		Release|Any CPU = Release|Any CPU
	EndGlobalSection
	GlobalSection(ProjectConfigurationPlatforms) = postSolution
		{02D05961-ACA0-4989-A573-A9250FB192CE}.Debug|Any CPU.ActiveCfg = Debug|Any CPU
		{02D05961-ACA0-4989-A573-A9250FB192CE}.Debug|Any CPU.Build.0 = Debug|Any CPU
		{02D05961-ACA0-4989-A573-A9250FB192CE}.Release|Any CPU.ActiveCfg = Release|Any CPU
		{02D05961-ACA0-4989-A573-A9250FB192CE}.Release|Any CPU.Build.0 = Release|Any CPU
	EndGlobalSection
	GlobalSection(SolutionProperties) = preSolution
		HideSolutionNode = FALSE
	EndGlobalSection
	GlobalSection(ExtensibilityGlobals) = postSolution
		SolutionGuid = {F9685426-9DCC-4D6A-8996-A2C10BA64F6D}
	EndGlobalSection
EndGlobal
